
Microsoft Visual Studio Solution File, Format Version 12.00
# Visual Studio Version 16
VisualStudioVersion = 16.0.31624.102
MinimumVisualStudioVersion = 10.0.40219.1
Project("{9A19103F-16F7-4668-BE54-9A1E7A4F7556}") = "blalogin", "blalogin.csproj", "{4B5FEC3A-2E97-4E02-AE40-46B6E2B73A27}"
EndProject
Global
	GlobalSection(SolutionConfigurationPlatforms) = preSolution
		Debug|Any CPU = Debug|Any CPU
		Release|Any CPU = Release|Any CPU
	EndGlobalSection
	GlobalSection(ProjectConfigurationPlatforms) = postSolution
		{4B5FEC3A-2E97-4E02-AE40-46B6E2B73A27}.Debug|Any CPU.ActiveCfg = Debug|Any CPU
		{4B5FEC3A-2E97-4E02-AE40-46B6E2B73A27}.Debug|Any CPU.Build.0 = Debug|Any CPU
		{4B5FEC3A-2E97-4E02-AE40-46B6E2B73A27}.Release|Any CPU.ActiveCfg = Release|Any CPU
		{4B5FEC3A-2E97-4E02-AE40-46B6E2B73A27}.Release|Any CPU.Build.0 = Release|Any CPU
	EndGlobalSection
	GlobalSection(SolutionProperties) = preSolution
		HideSolutionNode = FALSE
	EndGlobalSection
	GlobalSection(ExtensibilityGlobals) = postSolution
		SolutionGuid = {F7718746-9A4E-4A99-BAA5-7076AA22AB28}
	EndGlobalSection
EndGlobal
